
Microsoft Visual Studio Solution File, Format Version 12.00
# Visual Studio 15
VisualStudioVersion = 15.0.28307.902
MinimumVisualStudioVersion = 10.0.40219.1
Project("{8BC9CEB8-8B4A-11D0-8D11-00A0C91BC942}") = "testproblem3", "testproblem3\testproblem3.vcxproj", "{0560FDDA-1C3D-48CF-92BC-BB98F1DF17AB}"
EndProject
Global
	GlobalSection(SolutionConfigurationPlatforms) = preSolution
		Debug|x64 = Debug|x64
		Debug|x86 = Debug|x86
		Release|x64 = Release|x64
		Release|x86 = Release|x86
	EndGlobalSection
	GlobalSection(ProjectConfigurationPlatforms) = postSolution
		{0560FDDA-1C3D-48CF-92BC-BB98F1DF17AB}.Debug|x64.ActiveCfg = Debug|x64
		{0560FDDA-1C3D-48CF-92BC-BB98F1DF17AB}.Debug|x64.Build.0 = Debug|x64
		{0560FDDA-1C3D-48CF-92BC-BB98F1DF17AB}.Debug|x86.ActiveCfg = Debug|Win32
		{0560FDDA-1C3D-48CF-92BC-BB98F1DF17AB}.Debug|x86.Build.0 = Debug|Win32
		{0560FDDA-1C3D-48CF-92BC-BB98F1DF17AB}.Release|x64.ActiveCfg = Release|x64
		{0560FDDA-1C3D-48CF-92BC-BB98F1DF17AB}.Release|x64.Build.0 = Release|x64
		{0560FDDA-1C3D-48CF-92BC-BB98F1DF17AB}.Release|x86.ActiveCfg = Release|Win32
		{0560FDDA-1C3D-48CF-92BC-BB98F1DF17AB}.Release|x86.Build.0 = Release|Win32
	EndGlobalSection
	GlobalSection(SolutionProperties) = preSolution
		HideSolutionNode = FALSE
	EndGlobalSection
	GlobalSection(ExtensibilityGlobals) = postSolution
		SolutionGuid = {C2970F2E-5254-45CF-AB44-D5957DE116B6}
	EndGlobalSection
EndGlobal
